// !$*UTF8*$!
{
	archiveVersion = 1;
	classes = {
	};
	objectVersion = 77;
	objects = {

/* Begin PBXBuildFile section */
		80031D942EC232D7005504D2 /* HomeView.swift in Sources */ = {isa = PBXBuildFile; fileRef = 80031D932EC232D7005504D2 /* HomeView.swift */; };
		801217A92EC4A2F300CEDA44 /* PassCardView.swift in Sources */ = {isa = PBXBuildFile; fileRef = 801217A82EC4A2F300CEDA44 /* PassCardView.swift */; };
		801E9C162EC4281E0072FB3E /* NavigationButton.swift in Sources */ = {isa = PBXBuildFile; fileRef = 801E9C152EC4281E0072FB3E /* NavigationButton.swift */; };
		801E9C182EC435810072FB3E /* AppBackgroundView.swift in Sources */ = {isa = PBXBuildFile; fileRef = 801E9C172EC435810072FB3E /* AppBackgroundView.swift */; };
		801E9C1B2EC44BE40072FB3E /* NotificationListView.swift in Sources */ = {isa = PBXBuildFile; fileRef = 801E9C1A2EC44BE40072FB3E /* NotificationListView.swift */; };
		801E9C1D2EC44D160072FB3E /* MyPassCardView.swift in Sources */ = {isa = PBXBuildFile; fileRef = 801E9C1C2EC44D160072FB3E /* MyPassCardView.swift */; };
		802043DA2EDECC6F005BE3FE /* UserData.swift in Sources */ = {isa = PBXBuildFile; fileRef = 802043D92EDECC6F005BE3FE /* UserData.swift */; };
		802043DC2EDEE038005BE3FE /* LoginService.swift in Sources */ = {isa = PBXBuildFile; fileRef = 802043DB2EDEE038005BE3FE /* LoginService.swift */; };
		804CA3622EC2B7D600B85A23 /* PassCardListView.swift in Sources */ = {isa = PBXBuildFile; fileRef = 804CA3612EC2B7D600B85A23 /* PassCardListView.swift */; };
		808A71C22EB221F90054D4F6 /* Assets.xcassets in Resources */ = {isa = PBXBuildFile; fileRef = 808A71BE2EB221F90054D4F6 /* Assets.xcassets */; };
		808A71C32EB221F90054D4F6 /* LoginView.swift in Sources */ = {isa = PBXBuildFile; fileRef = 808A71BC2EB221F90054D4F6 /* LoginView.swift */; };
		808A71C42EB221F90054D4F6 /* RootView.swift in Sources */ = {isa = PBXBuildFile; fileRef = 808A71BF2EB221F90054D4F6 /* RootView.swift */; };
		808A71C52EB221F90054D4F6 /* Gyeongso_OutApp.swift in Sources */ = {isa = PBXBuildFile; fileRef = 808A71C02EB221F90054D4F6 /* Gyeongso_OutApp.swift */; };
		808A71CE2EB227490054D4F6 /* MainView.swift in Sources */ = {isa = PBXBuildFile; fileRef = 808A71CD2EB227490054D4F6 /* MainView.swift */; };
		80EB78FF2EC333B000369EFB /* ProfileView.swift in Sources */ = {isa = PBXBuildFile; fileRef = 80EB78FE2EC333B000369EFB /* ProfileView.swift */; };
		80EB79032EC3343E00369EFB /* HomeViewModel.swift in Sources */ = {isa = PBXBuildFile; fileRef = 80EB79022EC3343E00369EFB /* HomeViewModel.swift */; };
		80EB79052EC3346D00369EFB /* LoginViewModel.swift in Sources */ = {isa = PBXBuildFile; fileRef = 80EB79042EC3346D00369EFB /* LoginViewModel.swift */; };
		80EB79072EC349D700369EFB /* User.swift in Sources */ = {isa = PBXBuildFile; fileRef = 80EB79062EC349D700369EFB /* User.swift */; };
		80EB790C2EC34F8E00369EFB /* LoginRequest.swift in Sources */ = {isa = PBXBuildFile; fileRef = 80EB790B2EC34F8E00369EFB /* LoginRequest.swift */; };
		80EB790E2EC34FE700369EFB /* LoginResponse.swift in Sources */ = {isa = PBXBuildFile; fileRef = 80EB790D2EC34FE700369EFB /* LoginResponse.swift */; };
		80EB79102EC39F2300369EFB /* MainTabView.swift in Sources */ = {isa = PBXBuildFile; fileRef = 80EB790F2EC39F2300369EFB /* MainTabView.swift */; };
/* End PBXBuildFile section */

/* Begin PBXFileReference section */
		33C215D22EB1F3B000624C68 /* Gyeongso-Out.app */ = {isa = PBXFileReference; explicitFileType = wrapper.application; includeInIndex = 0; path = "Gyeongso-Out.app"; sourceTree = BUILT_PRODUCTS_DIR; };
		80031D932EC232D7005504D2 /* HomeView.swift */ = {isa = PBXFileReference; lastKnownFileType = sourcecode.swift; path = HomeView.swift; sourceTree = "<group>"; };
		801217A82EC4A2F300CEDA44 /* PassCardView.swift */ = {isa = PBXFileReference; lastKnownFileType = sourcecode.swift; path = PassCardView.swift; sourceTree = "<group>"; };
		801E9C152EC4281E0072FB3E /* NavigationButton.swift */ = {isa = PBXFileReference; lastKnownFileType = sourcecode.swift; path = NavigationButton.swift; sourceTree = "<group>"; };
		801E9C172EC435810072FB3E /* AppBackgroundView.swift */ = {isa = PBXFileReference; lastKnownFileType = sourcecode.swift; path = AppBackgroundView.swift; sourceTree = "<group>"; };
		801E9C1A2EC44BE40072FB3E /* NotificationListView.swift */ = {isa = PBXFileReference; lastKnownFileType = sourcecode.swift; path = NotificationListView.swift; sourceTree = "<group>"; };
		801E9C1C2EC44D160072FB3E /* MyPassCardView.swift */ = {isa = PBXFileReference; lastKnownFileType = sourcecode.swift; path = MyPassCardView.swift; sourceTree = "<group>"; };
		802043D92EDECC6F005BE3FE /* UserData.swift */ = {isa = PBXFileReference; lastKnownFileType = sourcecode.swift; path = UserData.swift; sourceTree = "<group>"; };
		802043DB2EDEE038005BE3FE /* LoginService.swift */ = {isa = PBXFileReference; lastKnownFileType = sourcecode.swift; path = LoginService.swift; sourceTree = "<group>"; };
		804CA3612EC2B7D600B85A23 /* PassCardListView.swift */ = {isa = PBXFileReference; lastKnownFileType = sourcecode.swift; path = PassCardListView.swift; sourceTree = "<group>"; };
		808A71BC2EB221F90054D4F6 /* LoginView.swift */ = {isa = PBXFileReference; lastKnownFileType = sourcecode.swift; path = LoginView.swift; sourceTree = "<group>"; };
		808A71BE2EB221F90054D4F6 /* Assets.xcassets */ = {isa = PBXFileReference; lastKnownFileType = folder.assetcatalog; path = Assets.xcassets; sourceTree = "<group>"; };
		808A71BF2EB221F90054D4F6 /* RootView.swift */ = {isa = PBXFileReference; lastKnownFileType = sourcecode.swift; path = RootView.swift; sourceTree = "<group>"; };
		808A71C02EB221F90054D4F6 /* Gyeongso_OutApp.swift */ = {isa = PBXFileReference; lastKnownFileType = sourcecode.swift; path = Gyeongso_OutApp.swift; sourceTree = "<group>"; };
		808A71CD2EB227490054D4F6 /* MainView.swift */ = {isa = PBXFileReference; lastKnownFileType = sourcecode.swift; path = MainView.swift; sourceTree = "<group>"; };
		80EB78FE2EC333B000369EFB /* ProfileView.swift */ = {isa = PBXFileReference; lastKnownFileType = sourcecode.swift; path = ProfileView.swift; sourceTree = "<group>"; };
		80EB79022EC3343E00369EFB /* HomeViewModel.swift */ = {isa = PBXFileReference; lastKnownFileType = sourcecode.swift; path = HomeViewModel.swift; sourceTree = "<group>"; };
		80EB79042EC3346D00369EFB /* LoginViewModel.swift */ = {isa = PBXFileReference; lastKnownFileType = sourcecode.swift; path = LoginViewModel.swift; sourceTree = "<group>"; };
		80EB79062EC349D700369EFB /* User.swift */ = {isa = PBXFileReference; lastKnownFileType = sourcecode.swift; path = User.swift; sourceTree = "<group>"; };
		80EB790B2EC34F8E00369EFB /* LoginRequest.swift */ = {isa = PBXFileReference; lastKnownFileType = sourcecode.swift; path = LoginRequest.swift; sourceTree = "<group>"; };
		80EB790D2EC34FE700369EFB /* LoginResponse.swift */ = {isa = PBXFileReference; lastKnownFileType = sourcecode.swift; path = LoginResponse.swift; sourceTree = "<group>"; };
		80EB790F2EC39F2300369EFB /* MainTabView.swift */ = {isa = PBXFileReference; lastKnownFileType = sourcecode.swift; path = MainTabView.swift; sourceTree = "<group>"; };
/* End PBXFileReference section */

/* Begin PBXFrameworksBuildPhase section */
		33C215CF2EB1F3B000624C68 /* Frameworks */ = {
			isa = PBXFrameworksBuildPhase;
			buildActionMask = 2147483647;
			files = (
			);
			runOnlyForDeploymentPostprocessing = 0;
		};
/* End PBXFrameworksBuildPhase section */

/* Begin PBXGroup section */
		33C215C92EB1F3B000624C68 = {
			isa = PBXGroup;
			children = (
				808A71C12EB221F90054D4F6 /* Gyeongso-Out */,
				33C215D32EB1F3B000624C68 /* Products */,
			);
			sourceTree = "<group>";
		};
		33C215D32EB1F3B000624C68 /* Products */ = {
			isa = PBXGroup;
			children = (
				33C215D22EB1F3B000624C68 /* Gyeongso-Out.app */,
			);
			name = Products;
			sourceTree = "<group>";
		};
		80031D952EC23328005504D2 /* PassCardList */ = {
			isa = PBXGroup;
			children = (
				804CA3612EC2B7D600B85A23 /* PassCardListView.swift */,
				801217A82EC4A2F300CEDA44 /* PassCardView.swift */,
			);
			path = PassCardList;
			sourceTree = "<group>";
		};
		801E9C192EC44B7A0072FB3E /* Views */ = {
			isa = PBXGroup;
			children = (
				80031D932EC232D7005504D2 /* HomeView.swift */,
				801E9C1A2EC44BE40072FB3E /* NotificationListView.swift */,
				801E9C1C2EC44D160072FB3E /* MyPassCardView.swift */,
			);
			path = Views;
			sourceTree = "<group>";
		};
		801E9C1E2EC460070072FB3E /* Models */ = {
			isa = PBXGroup;
			children = (
			);
			path = Models;
			sourceTree = "<group>";
		};
		808A71C12EB221F90054D4F6 /* Gyeongso-Out */ = {
			isa = PBXGroup;
			children = (
				808A71BE2EB221F90054D4F6 /* Assets.xcassets */,
				808A71C72EB2241E0054D4F6 /* App */,
				808A71C82EB224220054D4F6 /* Features */,
				80FAB2712ED6F51A00502DD9 /* Service */,
			);
			path = "Gyeongso-Out";
			sourceTree = "<group>";
		};
		808A71C72EB2241E0054D4F6 /* App */ = {
			isa = PBXGroup;
			children = (
				808A71BF2EB221F90054D4F6 /* RootView.swift */,
				808A71C02EB221F90054D4F6 /* Gyeongso_OutApp.swift */,
				801E9C172EC435810072FB3E /* AppBackgroundView.swift */,
			);
			path = App;
			sourceTree = "<group>";
		};
		808A71C82EB224220054D4F6 /* Features */ = {
			isa = PBXGroup;
			children = (
				80EB790F2EC39F2300369EFB /* MainTabView.swift */,
				808A71CD2EB227490054D4F6 /* MainView.swift */,
				808A71CB2EB226930054D4F6 /* Login */,
				808A71CA2EB226870054D4F6 /* Home */,
				80031D952EC23328005504D2 /* PassCardList */,
				808A71D32EB22A540054D4F6 /* Profile */,
			);
			path = Features;
			sourceTree = "<group>";
		};
		808A71CA2EB226870054D4F6 /* Home */ = {
			isa = PBXGroup;
			children = (
				801E9C192EC44B7A0072FB3E /* Views */,
				80EB79022EC3343E00369EFB /* HomeViewModel.swift */,
				808A71CC2EB2273F0054D4F6 /* Components */,
				801E9C1E2EC460070072FB3E /* Models */,
			);
			path = Home;
			sourceTree = "<group>";
		};
		808A71CB2EB226930054D4F6 /* Login */ = {
			isa = PBXGroup;
			children = (
				808A71BC2EB221F90054D4F6 /* LoginView.swift */,
				80EB79042EC3346D00369EFB /* LoginViewModel.swift */,
				80EB79062EC349D700369EFB /* User.swift */,
				80EB790A2EC34F7300369EFB /* DTO */,
			);
			path = Login;
			sourceTree = "<group>";
		};
		808A71CC2EB2273F0054D4F6 /* Components */ = {
			isa = PBXGroup;
			children = (
				801E9C152EC4281E0072FB3E /* NavigationButton.swift */,
			);
			path = Components;
			sourceTree = "<group>";
		};
		808A71D32EB22A540054D4F6 /* Profile */ = {
			isa = PBXGroup;
			children = (
				80EB78FE2EC333B000369EFB /* ProfileView.swift */,
			);
			path = Profile;
			sourceTree = "<group>";
		};
		80EB790A2EC34F7300369EFB /* DTO */ = {
			isa = PBXGroup;
			children = (
				80EB790B2EC34F8E00369EFB /* LoginRequest.swift */,
				80EB790D2EC34FE700369EFB /* LoginResponse.swift */,
				802043D92EDECC6F005BE3FE /* UserData.swift */,
			);
			path = DTO;
			sourceTree = "<group>";
		};
		80FAB2712ED6F51A00502DD9 /* Service */ = {
			isa = PBXGroup;
			children = (
				802043DB2EDEE038005BE3FE /* LoginService.swift */,
			);
			path = Service;
			sourceTree = "<group>";
		};
/* End PBXGroup section */

/* Begin PBXNativeTarget section */
		33C215D12EB1F3B000624C68 /* Gyeongso-Out */ = {
			isa = PBXNativeTarget;
			buildConfigurationList = 33C215DD2EB1F3B100624C68 /* Build configuration list for PBXNativeTarget "Gyeongso-Out" */;
			buildPhases = (
				33C215CE2EB1F3B000624C68 /* Sources */,
				33C215CF2EB1F3B000624C68 /* Frameworks */,
				33C215D02EB1F3B000624C68 /* Resources */,
			);
			buildRules = (
			);
			dependencies = (
			);
			name = "Gyeongso-Out";
			packageProductDependencies = (
			);
			productName = "Gyeongso-Out";
			productReference = 33C215D22EB1F3B000624C68 /* Gyeongso-Out.app */;
			productType = "com.apple.product-type.application";
		};
/* End PBXNativeTarget section */

/* Begin PBXProject section */
		33C215CA2EB1F3B000624C68 /* Project object */ = {
			isa = PBXProject;
			attributes = {
				BuildIndependentTargetsInParallel = 1;
				LastSwiftUpdateCheck = 2600;
				LastUpgradeCheck = 2610;
				TargetAttributes = {
					33C215D12EB1F3B000624C68 = {
						CreatedOnToolsVersion = 26.0.1;
					};
				};
			};
			buildConfigurationList = 33C215CD2EB1F3B000624C68 /* Build configuration list for PBXProject "Gyeongso-Out" */;
			developmentRegion = en;
			hasScannedForEncodings = 0;
			knownRegions = (
				en,
				Base,
			);
			mainGroup = 33C215C92EB1F3B000624C68;
			minimizedProjectReferenceProxies = 1;
			preferredProjectObjectVersion = 77;
			productRefGroup = 33C215D32EB1F3B000624C68 /* Products */;
			projectDirPath = "";
			projectRoot = "";
			targets = (
				33C215D12EB1F3B000624C68 /* Gyeongso-Out */,
			);
		};
/* End PBXProject section */

/* Begin PBXResourcesBuildPhase section */
		33C215D02EB1F3B000624C68 /* Resources */ = {
			isa = PBXResourcesBuildPhase;
			buildActionMask = 2147483647;
			files = (
				808A71C22EB221F90054D4F6 /* Assets.xcassets in Resources */,
			);
			runOnlyForDeploymentPostprocessing = 0;
		};
/* End PBXResourcesBuildPhase section */

/* Begin PBXSourcesBuildPhase section */
		33C215CE2EB1F3B000624C68 /* Sources */ = {
			isa = PBXSourcesBuildPhase;
			buildActionMask = 2147483647;
			files = (
				808A71C32EB221F90054D4F6 /* LoginView.swift in Sources */,
				808A71CE2EB227490054D4F6 /* MainView.swift in Sources */,
				808A71C42EB221F90054D4F6 /* RootView.swift in Sources */,
				80EB79032EC3343E00369EFB /* HomeViewModel.swift in Sources */,
				804CA3622EC2B7D600B85A23 /* PassCardListView.swift in Sources */,
				80031D942EC232D7005504D2 /* HomeView.swift in Sources */,
				801E9C1B2EC44BE40072FB3E /* NotificationListView.swift in Sources */,
				80EB78FF2EC333B000369EFB /* ProfileView.swift in Sources */,
				808A71C52EB221F90054D4F6 /* Gyeongso_OutApp.swift in Sources */,
				801E9C1D2EC44D160072FB3E /* MyPassCardView.swift in Sources */,
				801E9C162EC4281E0072FB3E /* NavigationButton.swift in Sources */,
				801E9C182EC435810072FB3E /* AppBackgroundView.swift in Sources */,
				80EB790C2EC34F8E00369EFB /* LoginRequest.swift in Sources */,
				802043DC2EDEE038005BE3FE /* LoginService.swift in Sources */,
				80EB79072EC349D700369EFB /* User.swift in Sources */,
				80EB79102EC39F2300369EFB /* MainTabView.swift in Sources */,
				801217A92EC4A2F300CEDA44 /* PassCardView.swift in Sources */,
				80EB790E2EC34FE700369EFB /* LoginResponse.swift in Sources */,
				802043DA2EDECC6F005BE3FE /* UserData.swift in Sources */,
				80EB79052EC3346D00369EFB /* LoginViewModel.swift in Sources */,
			);
			runOnlyForDeploymentPostprocessing = 0;
		};
/* End PBXSourcesBuildPhase section */

/* Begin XCBuildConfiguration section */
		33C215DB2EB1F3B100624C68 /* Debug */ = {
			isa = XCBuildConfiguration;
			buildSettings = {
				ALWAYS_SEARCH_USER_PATHS = NO;
				ASSETCATALOG_COMPILER_GENERATE_SWIFT_ASSET_SYMBOL_EXTENSIONS = YES;
				CLANG_ANALYZER_NONNULL = YES;
				CLANG_ANALYZER_NUMBER_OBJECT_CONVERSION = YES_AGGRESSIVE;
				CLANG_CXX_LANGUAGE_STANDARD = "gnu++20";
				CLANG_ENABLE_MODULES = YES;
				CLANG_ENABLE_OBJC_ARC = YES;
				CLANG_ENABLE_OBJC_WEAK = YES;
				CLANG_WARN_BLOCK_CAPTURE_AUTORELEASING = YES;
				CLANG_WARN_BOOL_CONVERSION = YES;
				CLANG_WARN_COMMA = YES;
				CLANG_WARN_CONSTANT_CONVERSION = YES;
				CLANG_WARN_DEPRECATED_OBJC_IMPLEMENTATIONS = YES;
				CLANG_WARN_DIRECT_OBJC_ISA_USAGE = YES_ERROR;
				CLANG_WARN_DOCUMENTATION_COMMENTS = YES;
				CLANG_WARN_EMPTY_BODY = YES;
				CLANG_WARN_ENUM_CONVERSION = YES;
				CLANG_WARN_INFINITE_RECURSION = YES;
				CLANG_WARN_INT_CONVERSION = YES;
				CLANG_WARN_NON_LITERAL_NULL_CONVERSION = YES;
				CLANG_WARN_OBJC_IMPLICIT_RETAIN_SELF = YES;
				CLANG_WARN_OBJC_LITERAL_CONVERSION = YES;
				CLANG_WARN_OBJC_ROOT_CLASS = YES_ERROR;
				CLANG_WARN_QUOTED_INCLUDE_IN_FRAMEWORK_HEADER = YES;
				CLANG_WARN_RANGE_LOOP_ANALYSIS = YES;
				CLANG_WARN_STRICT_PROTOTYPES = YES;
				CLANG_WARN_SUSPICIOUS_MOVE = YES;
				CLANG_WARN_UNGUARDED_AVAILABILITY = YES_AGGRESSIVE;
				CLANG_WARN_UNREACHABLE_CODE = YES;
				CLANG_WARN__DUPLICATE_METHOD_MATCH = YES;
				COPY_PHASE_STRIP = NO;
				DEBUG_INFORMATION_FORMAT = dwarf;
				DEVELOPMENT_TEAM = V5SY9RUBB4;
				ENABLE_STRICT_OBJC_MSGSEND = YES;
				ENABLE_TESTABILITY = YES;
				ENABLE_USER_SCRIPT_SANDBOXING = YES;
				GCC_C_LANGUAGE_STANDARD = gnu17;
				GCC_DYNAMIC_NO_PIC = NO;
				GCC_NO_COMMON_BLOCKS = YES;
				GCC_OPTIMIZATION_LEVEL = 0;
				GCC_PREPROCESSOR_DEFINITIONS = (
					"DEBUG=1",
					"$(inherited)",
				);
				GCC_WARN_64_TO_32_BIT_CONVERSION = YES;
				GCC_WARN_ABOUT_RETURN_TYPE = YES_ERROR;
				GCC_WARN_UNDECLARED_SELECTOR = YES;
				GCC_WARN_UNINITIALIZED_AUTOS = YES_AGGRESSIVE;
				GCC_WARN_UNUSED_FUNCTION = YES;
				GCC_WARN_UNUSED_VARIABLE = YES;
				IPHONEOS_DEPLOYMENT_TARGET = 26.0;
				LOCALIZATION_PREFERS_STRING_CATALOGS = YES;
				MTL_ENABLE_DEBUG_INFO = INCLUDE_SOURCE;
				MTL_FAST_MATH = YES;
				ONLY_ACTIVE_ARCH = YES;
				SDKROOT = iphoneos;
				STRING_CATALOG_GENERATE_SYMBOLS = YES;
				SWIFT_ACTIVE_COMPILATION_CONDITIONS = "DEBUG $(inherited)";
				SWIFT_OPTIMIZATION_LEVEL = "-Onone";
			};
			name = Debug;
		};
		33C215DC2EB1F3B100624C68 /* Release */ = {
			isa = XCBuildConfiguration;
			buildSettings = {
				ALWAYS_SEARCH_USER_PATHS = NO;
				ASSETCATALOG_COMPILER_GENERATE_SWIFT_ASSET_SYMBOL_EXTENSIONS = YES;
				CLANG_ANALYZER_NONNULL = YES;
				CLANG_ANALYZER_NUMBER_OBJECT_CONVERSION = YES_AGGRESSIVE;
				CLANG_CXX_LANGUAGE_STANDARD = "gnu++20";
				CLANG_ENABLE_MODULES = YES;
				CLANG_ENABLE_OBJC_ARC = YES;
				CLANG_ENABLE_OBJC_WEAK = YES;
				CLANG_WARN_BLOCK_CAPTURE_AUTORELEASING = YES;
				CLANG_WARN_BOOL_CONVERSION = YES;
				CLANG_WARN_COMMA = YES;
				CLANG_WARN_CONSTANT_CONVERSION = YES;
				CLANG_WARN_DEPRECATED_OBJC_IMPLEMENTATIONS = YES;
				CLANG_WARN_DIRECT_OBJC_ISA_USAGE = YES_ERROR;
				CLANG_WARN_DOCUMENTATION_COMMENTS = YES;
				CLANG_WARN_EMPTY_BODY = YES;
				CLANG_WARN_ENUM_CONVERSION = YES;
				CLANG_WARN_INFINITE_RECURSION = YES;
				CLANG_WARN_INT_CONVERSION = YES;
				CLANG_WARN_NON_LITERAL_NULL_CONVERSION = YES;
				CLANG_WARN_OBJC_IMPLICIT_RETAIN_SELF = YES;
				CLANG_WARN_OBJC_LITERAL_CONVERSION = YES;
				CLANG_WARN_OBJC_ROOT_CLASS = YES_ERROR;
				CLANG_WARN_QUOTED_INCLUDE_IN_FRAMEWORK_HEADER = YES;
				CLANG_WARN_RANGE_LOOP_ANALYSIS = YES;
				CLANG_WARN_STRICT_PROTOTYPES = YES;
				CLANG_WARN_SUSPICIOUS_MOVE = YES;
				CLANG_WARN_UNGUARDED_AVAILABILITY = YES_AGGRESSIVE;
				CLANG_WARN_UNREACHABLE_CODE = YES;
				CLANG_WARN__DUPLICATE_METHOD_MATCH = YES;
				COPY_PHASE_STRIP = NO;
				DEBUG_INFORMATION_FORMAT = "dwarf-with-dsym";
				DEVELOPMENT_TEAM = V5SY9RUBB4;
				ENABLE_NS_ASSERTIONS = NO;
				ENABLE_STRICT_OBJC_MSGSEND = YES;
				ENABLE_USER_SCRIPT_SANDBOXING = YES;
				GCC_C_LANGUAGE_STANDARD = gnu17;
				GCC_NO_COMMON_BLOCKS = YES;
				GCC_WARN_64_TO_32_BIT_CONVERSION = YES;
				GCC_WARN_ABOUT_RETURN_TYPE = YES_ERROR;
				GCC_WARN_UNDECLARED_SELECTOR = YES;
				GCC_WARN_UNINITIALIZED_AUTOS = YES_AGGRESSIVE;
				GCC_WARN_UNUSED_FUNCTION = YES;
				GCC_WARN_UNUSED_VARIABLE = YES;
				IPHONEOS_DEPLOYMENT_TARGET = 26.0;
				LOCALIZATION_PREFERS_STRING_CATALOGS = YES;
				MTL_ENABLE_DEBUG_INFO = NO;
				MTL_FAST_MATH = YES;
				SDKROOT = iphoneos;
				STRING_CATALOG_GENERATE_SYMBOLS = YES;
				SWIFT_COMPILATION_MODE = wholemodule;
				VALIDATE_PRODUCT = YES;
			};
			name = Release;
		};
		33C215DE2EB1F3B100624C68 /* Debug */ = {
			isa = XCBuildConfiguration;
			buildSettings = {
				ASSETCATALOG_COMPILER_APPICON_NAME = AppIcon;
				ASSETCATALOG_COMPILER_GLOBAL_ACCENT_COLOR_NAME = AccentColor;
				CODE_SIGN_STYLE = Automatic;
				CURRENT_PROJECT_VERSION = 1;
				DEVELOPMENT_TEAM = T8453KH9LA;
				ENABLE_PREVIEWS = YES;
				GENERATE_INFOPLIST_FILE = YES;
				INFOPLIST_KEY_UIApplicationSceneManifest_Generation = YES;
				INFOPLIST_KEY_UIApplicationSupportsIndirectInputEvents = YES;
				INFOPLIST_KEY_UILaunchScreen_Generation = YES;
				INFOPLIST_KEY_UISupportedInterfaceOrientations_iPad = "UIInterfaceOrientationPortrait UIInterfaceOrientationPortraitUpsideDown UIInterfaceOrientationLandscapeLeft UIInterfaceOrientationLandscapeRight";
				INFOPLIST_KEY_UISupportedInterfaceOrientations_iPhone = "UIInterfaceOrientationPortrait UIInterfaceOrientationLandscapeLeft UIInterfaceOrientationLandscapeRight";
				LD_RUNPATH_SEARCH_PATHS = (
					"$(inherited)",
					"@executable_path/Frameworks",
				);
				MARKETING_VERSION = 1.0;
				PRODUCT_BUNDLE_IDENTIFIER = "com.cntmdwn.Gyeongso-Out";
				PRODUCT_NAME = "$(TARGET_NAME)";
				STRING_CATALOG_GENERATE_SYMBOLS = YES;
				SWIFT_APPROACHABLE_CONCURRENCY = YES;
				SWIFT_DEFAULT_ACTOR_ISOLATION = MainActor;
				SWIFT_EMIT_LOC_STRINGS = YES;
				SWIFT_UPCOMING_FEATURE_MEMBER_IMPORT_VISIBILITY = YES;
				SWIFT_VERSION = 5.0;
				TARGETED_DEVICE_FAMILY = "1,2";
			};
			name = Debug;
		};
		33C215DF2EB1F3B100624C68 /* Release */ = {
			isa = XCBuildConfiguration;
			buildSettings = {
				ASSETCATALOG_COMPILER_APPICON_NAME = AppIcon;
				ASSETCATALOG_COMPILER_GLOBAL_ACCENT_COLOR_NAME = AccentColor;
				CODE_SIGN_STYLE = Automatic;
				CURRENT_PROJECT_VERSION = 1;
				DEVELOPMENT_TEAM = T8453KH9LA;
				ENABLE_PREVIEWS = YES;
				GENERATE_INFOPLIST_FILE = YES;
				INFOPLIST_KEY_UIApplicationSceneManifest_Generation = YES;
				INFOPLIST_KEY_UIApplicationSupportsIndirectInputEvents = YES;
				INFOPLIST_KEY_UILaunchScreen_Generation = YES;
				INFOPLIST_KEY_UISupportedInterfaceOrientations_iPad = "UIInterfaceOrientationPortrait UIInterfaceOrientationPortraitUpsideDown UIInterfaceOrientationLandscapeLeft UIInterfaceOrientationLandscapeRight";
				INFOPLIST_KEY_UISupportedInterfaceOrientations_iPhone = "UIInterfaceOrientationPortrait UIInterfaceOrientationLandscapeLeft UIInterfaceOrientationLandscapeRight";
				LD_RUNPATH_SEARCH_PATHS = (
					"$(inherited)",
					"@executable_path/Frameworks",
				);
				MARKETING_VERSION = 1.0;
				PRODUCT_BUNDLE_IDENTIFIER = "com.cntmdwn.Gyeongso-Out";
				PRODUCT_NAME = "$(TARGET_NAME)";
				STRING_CATALOG_GENERATE_SYMBOLS = YES;
				SWIFT_APPROACHABLE_CONCURRENCY = YES;
				SWIFT_DEFAULT_ACTOR_ISOLATION = MainActor;
				SWIFT_EMIT_LOC_STRINGS = YES;
				SWIFT_UPCOMING_FEATURE_MEMBER_IMPORT_VISIBILITY = YES;
				SWIFT_VERSION = 5.0;
				TARGETED_DEVICE_FAMILY = "1,2";
			};
			name = Release;
		};
/* End XCBuildConfiguration section */

/* Begin XCConfigurationList section */
		33C215CD2EB1F3B000624C68 /* Build configuration list for PBXProject "Gyeongso-Out" */ = {
			isa = XCConfigurationList;
			buildConfigurations = (
				33C215DB2EB1F3B100624C68 /* Debug */,
				33C215DC2EB1F3B100624C68 /* Release */,
			);
			defaultConfigurationIsVisible = 0;
			defaultConfigurationName = Release;
		};
		33C215DD2EB1F3B100624C68 /* Build configuration list for PBXNativeTarget "Gyeongso-Out" */ = {
			isa = XCConfigurationList;
			buildConfigurations = (
				33C215DE2EB1F3B100624C68 /* Debug */,
				33C215DF2EB1F3B100624C68 /* Release */,
			);
			defaultConfigurationIsVisible = 0;
			defaultConfigurationName = Release;
		};
/* End XCConfigurationList section */
	};
	rootObject = 33C215CA2EB1F3B000624C68 /* Project object */;
}
